
Microsoft Visual Studio Solution File, Format Version 12.00
# Visual Studio Version 17
VisualStudioVersion = 17.5.33424.131
MinimumVisualStudioVersion = 10.0.40219.1
Project("{FAE04EC0-301F-11D3-BF4B-00C04F79EFBC}") = "MB_Auto_CutObject1", "MB_Auto_CutObject1.csproj", "{434C38B2-409B-45BF-B2F4-2E71D9255358}"
EndProject
Global
	GlobalSection(SolutionConfigurationPlatforms) = preSolution
		Debug|Any CPU = Debug|Any CPU
		Release|Any CPU = Release|Any CPU
	EndGlobalSection
	GlobalSection(ProjectConfigurationPlatforms) = postSolution
		{434C38B2-409B-45BF-B2F4-2E71D9255358}.Debug|Any CPU.ActiveCfg = Debug|Any CPU
		{434C38B2-409B-45BF-B2F4-2E71D9255358}.Debug|Any CPU.Build.0 = Debug|Any CPU
		{434C38B2-409B-45BF-B2F4-2E71D9255358}.Release|Any CPU.ActiveCfg = Release|Any CPU
		{434C38B2-409B-45BF-B2F4-2E71D9255358}.Release|Any CPU.Build.0 = Release|Any CPU
	EndGlobalSection
	GlobalSection(SolutionProperties) = preSolution
		HideSolutionNode = FALSE
	EndGlobalSection
	GlobalSection(ExtensibilityGlobals) = postSolution
		SolutionGuid = {C1702189-E36A-4F98-8173-8B80B9D4F09C}
	EndGlobalSection
EndGlobal
